
Microsoft Visual Studio Solution File, Format Version 12.00
# Visual Studio Version 17
VisualStudioVersion = 17.11.35431.28
MinimumVisualStudioVersion = 10.0.40219.1
Project("{8BC9CEB8-8B4A-11D0-8D11-00A0C91BC942}") = "Testingcheatsenabled true", "Testingcheatsenabled true.vcxproj", "{9F1C1F0A-0BB0-43F4-B78E-914A2864A4BE}"
EndProject
Global
	GlobalSection(SolutionConfigurationPlatforms) = preSolution
		Debug|x64 = Debug|x64
		Debug|x86 = Debug|x86
		Release|x64 = Release|x64
		Release|x86 = Release|x86
	EndGlobalSection
	GlobalSection(ProjectConfigurationPlatforms) = postSolution
		{9F1C1F0A-0BB0-43F4-B78E-914A2864A4BE}.Debug|x64.ActiveCfg = Debug|x64
		{9F1C1F0A-0BB0-43F4-B78E-914A2864A4BE}.Debug|x64.Build.0 = Debug|x64
		{9F1C1F0A-0BB0-43F4-B78E-914A2864A4BE}.Debug|x86.ActiveCfg = Debug|Win32
		{9F1C1F0A-0BB0-43F4-B78E-914A2864A4BE}.Debug|x86.Build.0 = Debug|Win32
		{9F1C1F0A-0BB0-43F4-B78E-914A2864A4BE}.Release|x64.ActiveCfg = Release|x64
		{9F1C1F0A-0BB0-43F4-B78E-914A2864A4BE}.Release|x64.Build.0 = Release|x64
		{9F1C1F0A-0BB0-43F4-B78E-914A2864A4BE}.Release|x86.ActiveCfg = Release|Win32
		{9F1C1F0A-0BB0-43F4-B78E-914A2864A4BE}.Release|x86.Build.0 = Release|Win32
	EndGlobalSection
	GlobalSection(SolutionProperties) = preSolution
		HideSolutionNode = FALSE
	EndGlobalSection
	GlobalSection(ExtensibilityGlobals) = postSolution
		SolutionGuid = {49ACC0A6-DA2A-4355-8469-94037E268D26}
	EndGlobalSection
EndGlobal
